
Microsoft Visual Studio Solution File, Format Version 12.00
# Visual Studio Version 16
VisualStudioVersion = 16.0.30104.148
MinimumVisualStudioVersion = 10.0.40219.1
Project("{FAE04EC0-301F-11D3-BF4B-00C04F79EFBC}") = "WebShopAYuri", "WebShopAYuri.csproj", "{59E9339A-33DC-4D6C-BE52-100656FAA9B3}"
EndProject
Global
	GlobalSection(SolutionConfigurationPlatforms) = preSolution
		Debug|Any CPU = Debug|Any CPU
		Release|Any CPU = Release|Any CPU
	EndGlobalSection
	GlobalSection(ProjectConfigurationPlatforms) = postSolution
		{59E9339A-33DC-4D6C-BE52-100656FAA9B3}.Debug|Any CPU.ActiveCfg = Debug|Any CPU
		{59E9339A-33DC-4D6C-BE52-100656FAA9B3}.Debug|Any CPU.Build.0 = Debug|Any CPU
		{59E9339A-33DC-4D6C-BE52-100656FAA9B3}.Release|Any CPU.ActiveCfg = Release|Any CPU
		{59E9339A-33DC-4D6C-BE52-100656FAA9B3}.Release|Any CPU.Build.0 = Release|Any CPU
	EndGlobalSection
	GlobalSection(SolutionProperties) = preSolution
		HideSolutionNode = FALSE
	EndGlobalSection
	GlobalSection(ExtensibilityGlobals) = postSolution
		SolutionGuid = {D04EED1A-B697-4F05-9672-172F365F8B56}
	EndGlobalSection
EndGlobal
